// !$*UTF8*$!
{
	archiveVersion = 1;
	classes = {
	};
	objectVersion = 56;
	objects = {

/* Begin PBXBuildFile section */
		CA7F36132BDCADA300233BAD /* SettingView.swift in Sources */ = {isa = PBXBuildFile; fileRef = CA7F36122BDCADA300233BAD /* SettingView.swift */; };
		CA7F36152BDCCA6700233BAD /* CustomListRowView.swift in Sources */ = {isa = PBXBuildFile; fileRef = CA7F36142BDCCA6600233BAD /* CustomListRowView.swift */; };
		CAEDE7192BD7D8F3001D4DDB /* ColorExtension.swift in Sources */ = {isa = PBXBuildFile; fileRef = CAEDE7182BD7D8F3001D4DDB /* ColorExtension.swift */; };
		CAEDE71B2BD7F89C001D4DDB /* CustomButtonView.swift in Sources */ = {isa = PBXBuildFile; fileRef = CAEDE71A2BD7F89C001D4DDB /* CustomButtonView.swift */; };
		CAEDE71D2BD80E8D001D4DDB /* GradientButtonStyle.swift in Sources */ = {isa = PBXBuildFile; fileRef = CAEDE71C2BD80E8D001D4DDB /* GradientButtonStyle.swift */; };
		CAEDE7212BDA7046001D4DDB /* CustomCircleView.swift in Sources */ = {isa = PBXBuildFile; fileRef = CAEDE7202BDA7046001D4DDB /* CustomCircleView.swift */; };
		CAEDE7232BDA8915001D4DDB /* MotionAnimationView.swift in Sources */ = {isa = PBXBuildFile; fileRef = CAEDE7222BDA8914001D4DDB /* MotionAnimationView.swift */; };
		CAFDC9722BD6A15700960D60 /* HikeApp.swift in Sources */ = {isa = PBXBuildFile; fileRef = CAFDC9712BD6A15700960D60 /* HikeApp.swift */; };
		CAFDC9742BD6A15700960D60 /* ContentView.swift in Sources */ = {isa = PBXBuildFile; fileRef = CAFDC9732BD6A15700960D60 /* ContentView.swift */; };
		CAFDC9762BD6A15A00960D60 /* Assets.xcassets in Resources */ = {isa = PBXBuildFile; fileRef = CAFDC9752BD6A15A00960D60 /* Assets.xcassets */; };
		CAFDC9792BD6A15A00960D60 /* Preview Assets.xcassets in Resources */ = {isa = PBXBuildFile; fileRef = CAFDC9782BD6A15A00960D60 /* Preview Assets.xcassets */; };
		CAFDC9802BD6A40100960D60 /* CardView.swift in Sources */ = {isa = PBXBuildFile; fileRef = CAFDC97F2BD6A40100960D60 /* CardView.swift */; };
		CAFDC9832BD6AD4600960D60 /* CustomBackgroundView.swift in Sources */ = {isa = PBXBuildFile; fileRef = CAFDC9822BD6AD4600960D60 /* CustomBackgroundView.swift */; };
/* End PBXBuildFile section */

/* Begin PBXFileReference section */
		CA7F36122BDCADA300233BAD /* SettingView.swift */ = {isa = PBXFileReference; lastKnownFileType = sourcecode.swift; path = SettingView.swift; sourceTree = "<group>"; };
		CA7F36142BDCCA6600233BAD /* CustomListRowView.swift */ = {isa = PBXFileReference; lastKnownFileType = sourcecode.swift; path = CustomListRowView.swift; sourceTree = "<group>"; };
		CAEDE7182BD7D8F3001D4DDB /* ColorExtension.swift */ = {isa = PBXFileReference; lastKnownFileType = sourcecode.swift; path = ColorExtension.swift; sourceTree = "<group>"; };
		CAEDE71A2BD7F89C001D4DDB /* CustomButtonView.swift */ = {isa = PBXFileReference; lastKnownFileType = sourcecode.swift; path = CustomButtonView.swift; sourceTree = "<group>"; };
		CAEDE71C2BD80E8D001D4DDB /* GradientButtonStyle.swift */ = {isa = PBXFileReference; lastKnownFileType = sourcecode.swift; path = GradientButtonStyle.swift; sourceTree = "<group>"; };
		CAEDE7202BDA7046001D4DDB /* CustomCircleView.swift */ = {isa = PBXFileReference; lastKnownFileType = sourcecode.swift; path = CustomCircleView.swift; sourceTree = "<group>"; };
		CAEDE7222BDA8914001D4DDB /* MotionAnimationView.swift */ = {isa = PBXFileReference; lastKnownFileType = sourcecode.swift; path = MotionAnimationView.swift; sourceTree = "<group>"; };
		CAFDC96E2BD6A15700960D60 /* Hike.app */ = {isa = PBXFileReference; explicitFileType = wrapper.application; includeInIndex = 0; path = Hike.app; sourceTree = BUILT_PRODUCTS_DIR; };
		CAFDC9712BD6A15700960D60 /* HikeApp.swift */ = {isa = PBXFileReference; lastKnownFileType = sourcecode.swift; path = HikeApp.swift; sourceTree = "<group>"; };
		CAFDC9732BD6A15700960D60 /* ContentView.swift */ = {isa = PBXFileReference; lastKnownFileType = sourcecode.swift; path = ContentView.swift; sourceTree = "<group>"; };
		CAFDC9752BD6A15A00960D60 /* Assets.xcassets */ = {isa = PBXFileReference; lastKnownFileType = folder.assetcatalog; path = Assets.xcassets; sourceTree = "<group>"; };
		CAFDC9782BD6A15A00960D60 /* Preview Assets.xcassets */ = {isa = PBXFileReference; lastKnownFileType = folder.assetcatalog; path = "Preview Assets.xcassets"; sourceTree = "<group>"; };
		CAFDC97F2BD6A40100960D60 /* CardView.swift */ = {isa = PBXFileReference; lastKnownFileType = sourcecode.swift; path = CardView.swift; sourceTree = "<group>"; };
		CAFDC9822BD6AD4600960D60 /* CustomBackgroundView.swift */ = {isa = PBXFileReference; lastKnownFileType = sourcecode.swift; path = CustomBackgroundView.swift; sourceTree = "<group>"; };
/* End PBXFileReference section */

/* Begin PBXFrameworksBuildPhase section */
		CAFDC96B2BD6A15700960D60 /* Frameworks */ = {
			isa = PBXFrameworksBuildPhase;
			buildActionMask = 2147483647;
			files = (
			);
			runOnlyForDeploymentPostprocessing = 0;
		};
/* End PBXFrameworksBuildPhase section */

/* Begin PBXGroup section */
		CA7F36112BDCAD7100233BAD /* Screen */ = {
			isa = PBXGroup;
			children = (
				CAFDC9732BD6A15700960D60 /* ContentView.swift */,
				CA7F36122BDCADA300233BAD /* SettingView.swift */,
			);
			path = Screen;
			sourceTree = "<group>";
		};
		CAEDE7172BD7D8D5001D4DDB /* Utility */ = {
			isa = PBXGroup;
			children = (
				CAEDE7182BD7D8F3001D4DDB /* ColorExtension.swift */,
				CAEDE71C2BD80E8D001D4DDB /* GradientButtonStyle.swift */,
			);
			path = Utility;
			sourceTree = "<group>";
		};
		CAFDC9652BD6A15700960D60 = {
			isa = PBXGroup;
			children = (
				CAFDC9702BD6A15700960D60 /* Hike */,
				CAFDC96F2BD6A15700960D60 /* Products */,
			);
			sourceTree = "<group>";
		};
		CAFDC96F2BD6A15700960D60 /* Products */ = {
			isa = PBXGroup;
			children = (
				CAFDC96E2BD6A15700960D60 /* Hike.app */,
			);
			name = Products;
			sourceTree = "<group>";
		};
		CAFDC9702BD6A15700960D60 /* Hike */ = {
			isa = PBXGroup;
			children = (
				CAEDE7172BD7D8D5001D4DDB /* Utility */,
				CAFDC9712BD6A15700960D60 /* HikeApp.swift */,
				CA7F36112BDCAD7100233BAD /* Screen */,
				CAFDC9752BD6A15A00960D60 /* Assets.xcassets */,
				CAFDC9772BD6A15A00960D60 /* Preview Content */,
				CAFDC9812BD6A51600960D60 /* Components */,
			);
			path = Hike;
			sourceTree = "<group>";
		};
		CAFDC9772BD6A15A00960D60 /* Preview Content */ = {
			isa = PBXGroup;
			children = (
				CAFDC9782BD6A15A00960D60 /* Preview Assets.xcassets */,
			);
			path = "Preview Content";
			sourceTree = "<group>";
		};
		CAFDC9812BD6A51600960D60 /* Components */ = {
			isa = PBXGroup;
			children = (
				CAFDC97F2BD6A40100960D60 /* CardView.swift */,
				CAFDC9822BD6AD4600960D60 /* CustomBackgroundView.swift */,
				CAEDE71A2BD7F89C001D4DDB /* CustomButtonView.swift */,
				CAEDE7202BDA7046001D4DDB /* CustomCircleView.swift */,
				CAEDE7222BDA8914001D4DDB /* MotionAnimationView.swift */,
				CA7F36142BDCCA6600233BAD /* CustomListRowView.swift */,
			);
			path = Components;
			sourceTree = "<group>";
		};
/* End PBXGroup section */

/* Begin PBXNativeTarget section */
		CAFDC96D2BD6A15700960D60 /* Hike */ = {
			isa = PBXNativeTarget;
			buildConfigurationList = CAFDC97C2BD6A15A00960D60 /* Build configuration list for PBXNativeTarget "Hike" */;
			buildPhases = (
				CAFDC96A2BD6A15700960D60 /* Sources */,
				CAFDC96B2BD6A15700960D60 /* Frameworks */,
				CAFDC96C2BD6A15700960D60 /* Resources */,
			);
			buildRules = (
			);
			dependencies = (
			);
			name = Hike;
			productName = Hike;
			productReference = CAFDC96E2BD6A15700960D60 /* Hike.app */;
			productType = "com.apple.product-type.application";
		};
/* End PBXNativeTarget section */

/* Begin PBXProject section */
		CAFDC9662BD6A15700960D60 /* Project object */ = {
			isa = PBXProject;
			attributes = {
				BuildIndependentTargetsInParallel = 1;
				LastSwiftUpdateCheck = 1530;
				LastUpgradeCheck = 1530;
				TargetAttributes = {
					CAFDC96D2BD6A15700960D60 = {
						CreatedOnToolsVersion = 15.3;
					};
				};
			};
			buildConfigurationList = CAFDC9692BD6A15700960D60 /* Build configuration list for PBXProject "Hike" */;
			compatibilityVersion = "Xcode 14.0";
			developmentRegion = en;
			hasScannedForEncodings = 0;
			knownRegions = (
				en,
				Base,
			);
			mainGroup = CAFDC9652BD6A15700960D60;
			productRefGroup = CAFDC96F2BD6A15700960D60 /* Products */;
			projectDirPath = "";
			projectRoot = "";
			targets = (
				CAFDC96D2BD6A15700960D60 /* Hike */,
			);
		};
/* End PBXProject section */

/* Begin PBXResourcesBuildPhase section */
		CAFDC96C2BD6A15700960D60 /* Resources */ = {
			isa = PBXResourcesBuildPhase;
			buildActionMask = 2147483647;
			files = (
				CAFDC9792BD6A15A00960D60 /* Preview Assets.xcassets in Resources */,
				CAFDC9762BD6A15A00960D60 /* Assets.xcassets in Resources */,
			);
			runOnlyForDeploymentPostprocessing = 0;
		};
/* End PBXResourcesBuildPhase section */

/* Begin PBXSourcesBuildPhase section */
		CAFDC96A2BD6A15700960D60 /* Sources */ = {
			isa = PBXSourcesBuildPhase;
			buildActionMask = 2147483647;
			files = (
				CAFDC9742BD6A15700960D60 /* ContentView.swift in Sources */,
				CAFDC9832BD6AD4600960D60 /* CustomBackgroundView.swift in Sources */,
				CAEDE7212BDA7046001D4DDB /* CustomCircleView.swift in Sources */,
				CAFDC9802BD6A40100960D60 /* CardView.swift in Sources */,
				CA7F36152BDCCA6700233BAD /* CustomListRowView.swift in Sources */,
				CAEDE71B2BD7F89C001D4DDB /* CustomButtonView.swift in Sources */,
				CAEDE71D2BD80E8D001D4DDB /* GradientButtonStyle.swift in Sources */,
				CAFDC9722BD6A15700960D60 /* HikeApp.swift in Sources */,
				CAEDE7192BD7D8F3001D4DDB /* ColorExtension.swift in Sources */,
				CAEDE7232BDA8915001D4DDB /* MotionAnimationView.swift in Sources */,
				CA7F36132BDCADA300233BAD /* SettingView.swift in Sources */,
			);
			runOnlyForDeploymentPostprocessing = 0;
		};
/* End PBXSourcesBuildPhase section */

/* Begin XCBuildConfiguration section */
		CAFDC97A2BD6A15A00960D60 /* Debug */ = {
			isa = XCBuildConfiguration;
			buildSettings = {
				ALWAYS_SEARCH_USER_PATHS = NO;
				ASSETCATALOG_COMPILER_GENERATE_SWIFT_ASSET_SYMBOL_EXTENSIONS = YES;
				CLANG_ANALYZER_NONNULL = YES;
				CLANG_ANALYZER_NUMBER_OBJECT_CONVERSION = YES_AGGRESSIVE;
				CLANG_CXX_LANGUAGE_STANDARD = "gnu++20";
				CLANG_ENABLE_MODULES = YES;
				CLANG_ENABLE_OBJC_ARC = YES;
				CLANG_ENABLE_OBJC_WEAK = YES;
				CLANG_WARN_BLOCK_CAPTURE_AUTORELEASING = YES;
				CLANG_WARN_BOOL_CONVERSION = YES;
				CLANG_WARN_COMMA = YES;
				CLANG_WARN_CONSTANT_CONVERSION = YES;
				CLANG_WARN_DEPRECATED_OBJC_IMPLEMENTATIONS = YES;
				CLANG_WARN_DIRECT_OBJC_ISA_USAGE = YES_ERROR;
				CLANG_WARN_DOCUMENTATION_COMMENTS = YES;
				CLANG_WARN_EMPTY_BODY = YES;
				CLANG_WARN_ENUM_CONVERSION = YES;
				CLANG_WARN_INFINITE_RECURSION = YES;
				CLANG_WARN_INT_CONVERSION = YES;
				CLANG_WARN_NON_LITERAL_NULL_CONVERSION = YES;
				CLANG_WARN_OBJC_IMPLICIT_RETAIN_SELF = YES;
				CLANG_WARN_OBJC_LITERAL_CONVERSION = YES;
				CLANG_WARN_OBJC_ROOT_CLASS = YES_ERROR;
				CLANG_WARN_QUOTED_INCLUDE_IN_FRAMEWORK_HEADER = YES;
				CLANG_WARN_RANGE_LOOP_ANALYSIS = YES;
				CLANG_WARN_STRICT_PROTOTYPES = YES;
				CLANG_WARN_SUSPICIOUS_MOVE = YES;
				CLANG_WARN_UNGUARDED_AVAILABILITY = YES_AGGRESSIVE;
				CLANG_WARN_UNREACHABLE_CODE = YES;
				CLANG_WARN__DUPLICATE_METHOD_MATCH = YES;
				COPY_PHASE_STRIP = NO;
				DEBUG_INFORMATION_FORMAT = dwarf;
				ENABLE_STRICT_OBJC_MSGSEND = YES;
				ENABLE_TESTABILITY = YES;
				ENABLE_USER_SCRIPT_SANDBOXING = YES;
				GCC_C_LANGUAGE_STANDARD = gnu17;
				GCC_DYNAMIC_NO_PIC = NO;
				GCC_NO_COMMON_BLOCKS = YES;
				GCC_OPTIMIZATION_LEVEL = 0;
				GCC_PREPROCESSOR_DEFINITIONS = (
					"DEBUG=1",
					"$(inherited)",
				);
				GCC_WARN_64_TO_32_BIT_CONVERSION = YES;
				GCC_WARN_ABOUT_RETURN_TYPE = YES_ERROR;
				GCC_WARN_UNDECLARED_SELECTOR = YES;
				GCC_WARN_UNINITIALIZED_AUTOS = YES_AGGRESSIVE;
				GCC_WARN_UNUSED_FUNCTION = YES;
				GCC_WARN_UNUSED_VARIABLE = YES;
				IPHONEOS_DEPLOYMENT_TARGET = 17.4;
				LOCALIZATION_PREFERS_STRING_CATALOGS = YES;
				MTL_ENABLE_DEBUG_INFO = INCLUDE_SOURCE;
				MTL_FAST_MATH = YES;
				ONLY_ACTIVE_ARCH = YES;
				SDKROOT = iphoneos;
				SWIFT_ACTIVE_COMPILATION_CONDITIONS = "DEBUG $(inherited)";
				SWIFT_OPTIMIZATION_LEVEL = "-Onone";
			};
			name = Debug;
		};
		CAFDC97B2BD6A15A00960D60 /* Release */ = {
			isa = XCBuildConfiguration;
			buildSettings = {
				ALWAYS_SEARCH_USER_PATHS = NO;
				ASSETCATALOG_COMPILER_GENERATE_SWIFT_ASSET_SYMBOL_EXTENSIONS = YES;
				CLANG_ANALYZER_NONNULL = YES;
				CLANG_ANALYZER_NUMBER_OBJECT_CONVERSION = YES_AGGRESSIVE;
				CLANG_CXX_LANGUAGE_STANDARD = "gnu++20";
				CLANG_ENABLE_MODULES = YES;
				CLANG_ENABLE_OBJC_ARC = YES;
				CLANG_ENABLE_OBJC_WEAK = YES;
				CLANG_WARN_BLOCK_CAPTURE_AUTORELEASING = YES;
				CLANG_WARN_BOOL_CONVERSION = YES;
				CLANG_WARN_COMMA = YES;
				CLANG_WARN_CONSTANT_CONVERSION = YES;
				CLANG_WARN_DEPRECATED_OBJC_IMPLEMENTATIONS = YES;
				CLANG_WARN_DIRECT_OBJC_ISA_USAGE = YES_ERROR;
				CLANG_WARN_DOCUMENTATION_COMMENTS = YES;
				CLANG_WARN_EMPTY_BODY = YES;
				CLANG_WARN_ENUM_CONVERSION = YES;
				CLANG_WARN_INFINITE_RECURSION = YES;
				CLANG_WARN_INT_CONVERSION = YES;
				CLANG_WARN_NON_LITERAL_NULL_CONVERSION = YES;
				CLANG_WARN_OBJC_IMPLICIT_RETAIN_SELF = YES;
				CLANG_WARN_OBJC_LITERAL_CONVERSION = YES;
				CLANG_WARN_OBJC_ROOT_CLASS = YES_ERROR;
				CLANG_WARN_QUOTED_INCLUDE_IN_FRAMEWORK_HEADER = YES;
				CLANG_WARN_RANGE_LOOP_ANALYSIS = YES;
				CLANG_WARN_STRICT_PROTOTYPES = YES;
				CLANG_WARN_SUSPICIOUS_MOVE = YES;
				CLANG_WARN_UNGUARDED_AVAILABILITY = YES_AGGRESSIVE;
				CLANG_WARN_UNREACHABLE_CODE = YES;
				CLANG_WARN__DUPLICATE_METHOD_MATCH = YES;
				COPY_PHASE_STRIP = NO;
				DEBUG_INFORMATION_FORMAT = "dwarf-with-dsym";
				ENABLE_NS_ASSERTIONS = NO;
				ENABLE_STRICT_OBJC_MSGSEND = YES;
				ENABLE_USER_SCRIPT_SANDBOXING = YES;
				GCC_C_LANGUAGE_STANDARD = gnu17;
				GCC_NO_COMMON_BLOCKS = YES;
				GCC_WARN_64_TO_32_BIT_CONVERSION = YES;
				GCC_WARN_ABOUT_RETURN_TYPE = YES_ERROR;
				GCC_WARN_UNDECLARED_SELECTOR = YES;
				GCC_WARN_UNINITIALIZED_AUTOS = YES_AGGRESSIVE;
				GCC_WARN_UNUSED_FUNCTION = YES;
				GCC_WARN_UNUSED_VARIABLE = YES;
				IPHONEOS_DEPLOYMENT_TARGET = 17.4;
				LOCALIZATION_PREFERS_STRING_CATALOGS = YES;
				MTL_ENABLE_DEBUG_INFO = NO;
				MTL_FAST_MATH = YES;
				SDKROOT = iphoneos;
				SWIFT_COMPILATION_MODE = wholemodule;
				VALIDATE_PRODUCT = YES;
			};
			name = Release;
		};
		CAFDC97D2BD6A15A00960D60 /* Debug */ = {
			isa = XCBuildConfiguration;
			buildSettings = {
				ASSETCATALOG_COMPILER_ALTERNATE_APPICON_NAMES = "AppIcon-MagnifyingGlass AppIcon-Map AppIcon-Mushroom AppIcon-Camera AppIcon-Backpack AppIcon-Campfire";
				ASSETCATALOG_COMPILER_APPICON_NAME = AppIcon;
				ASSETCATALOG_COMPILER_GLOBAL_ACCENT_COLOR_NAME = AccentColor;
				ASSETCATALOG_COMPILER_INCLUDE_ALL_APPICON_ASSETS = YES;
				CODE_SIGN_STYLE = Automatic;
				CURRENT_PROJECT_VERSION = 1;
				DEVELOPMENT_ASSET_PATHS = "\"Hike/Preview Content\"";
				DEVELOPMENT_TEAM = FSJ65THAK3;
				ENABLE_PREVIEWS = YES;
				GENERATE_INFOPLIST_FILE = YES;
				INFOPLIST_KEY_UIApplicationSceneManifest_Generation = YES;
				INFOPLIST_KEY_UIApplicationSupportsIndirectInputEvents = YES;
				INFOPLIST_KEY_UILaunchScreen_Generation = YES;
				INFOPLIST_KEY_UISupportedInterfaceOrientations = UIInterfaceOrientationPortrait;
				INFOPLIST_KEY_UISupportedInterfaceOrientations_iPad = "UIInterfaceOrientationLandscapeLeft UIInterfaceOrientationLandscapeRight UIInterfaceOrientationPortrait UIInterfaceOrientationPortraitUpsideDown";
				LD_RUNPATH_SEARCH_PATHS = (
					"$(inherited)",
					"@executable_path/Frameworks",
				);
				MARKETING_VERSION = 1.0;
				PRODUCT_BUNDLE_IDENTIFIER = yuxnzs.Hike;
				PRODUCT_NAME = "$(TARGET_NAME)";
				SWIFT_EMIT_LOC_STRINGS = YES;
				SWIFT_VERSION = 5.0;
				TARGETED_DEVICE_FAMILY = "1,2";
			};
			name = Debug;
		};
		CAFDC97E2BD6A15A00960D60 /* Release */ = {
			isa = XCBuildConfiguration;
			buildSettings = {
				ASSETCATALOG_COMPILER_ALTERNATE_APPICON_NAMES = "AppIcon-MagnifyingGlass AppIcon-Map AppIcon-Mushroom AppIcon-Camera AppIcon-Backpack AppIcon-Campfire";
				ASSETCATALOG_COMPILER_APPICON_NAME = AppIcon;
				ASSETCATALOG_COMPILER_GLOBAL_ACCENT_COLOR_NAME = AccentColor;
				ASSETCATALOG_COMPILER_INCLUDE_ALL_APPICON_ASSETS = YES;
				CODE_SIGN_STYLE = Automatic;
				CURRENT_PROJECT_VERSION = 1;
				DEVELOPMENT_ASSET_PATHS = "\"Hike/Preview Content\"";
				DEVELOPMENT_TEAM = FSJ65THAK3;
				ENABLE_PREVIEWS = YES;
				GENERATE_INFOPLIST_FILE = YES;
				INFOPLIST_KEY_UIApplicationSceneManifest_Generation = YES;
				INFOPLIST_KEY_UIApplicationSupportsIndirectInputEvents = YES;
				INFOPLIST_KEY_UILaunchScreen_Generation = YES;
				INFOPLIST_KEY_UISupportedInterfaceOrientations = UIInterfaceOrientationPortrait;
				INFOPLIST_KEY_UISupportedInterfaceOrientations_iPad = "UIInterfaceOrientationLandscapeLeft UIInterfaceOrientationLandscapeRight UIInterfaceOrientationPortrait UIInterfaceOrientationPortraitUpsideDown";
				LD_RUNPATH_SEARCH_PATHS = (
					"$(inherited)",
					"@executable_path/Frameworks",
				);
				MARKETING_VERSION = 1.0;
				PRODUCT_BUNDLE_IDENTIFIER = yuxnzs.Hike;
				PRODUCT_NAME = "$(TARGET_NAME)";
				SWIFT_EMIT_LOC_STRINGS = YES;
				SWIFT_VERSION = 5.0;
				TARGETED_DEVICE_FAMILY = "1,2";
			};
			name = Release;
		};
/* End XCBuildConfiguration section */

/* Begin XCConfigurationList section */
		CAFDC9692BD6A15700960D60 /* Build configuration list for PBXProject "Hike" */ = {
			isa = XCConfigurationList;
			buildConfigurations = (
				CAFDC97A2BD6A15A00960D60 /* Debug */,
				CAFDC97B2BD6A15A00960D60 /* Release */,
			);
			defaultConfigurationIsVisible = 0;
			defaultConfigurationName = Release;
		};
		CAFDC97C2BD6A15A00960D60 /* Build configuration list for PBXNativeTarget "Hike" */ = {
			isa = XCConfigurationList;
			buildConfigurations = (
				CAFDC97D2BD6A15A00960D60 /* Debug */,
				CAFDC97E2BD6A15A00960D60 /* Release */,
			);
			defaultConfigurationIsVisible = 0;
			defaultConfigurationName = Release;
		};
/* End XCConfigurationList section */
	};
	rootObject = CAFDC9662BD6A15700960D60 /* Project object */;
}
